
Microsoft Visual Studio Solution File, Format Version 12.00
# Visual Studio Version 17
VisualStudioVersion = 17.0.31903.59
MinimumVisualStudioVersion = 10.0.40219.1
Project("{FAE04EC0-301F-11D3-BF4B-00C04F79EFBC}") = "Infrastructure", "Infrastructure\Infrastructure.csproj", "{E47212CD-1BF1-4B03-A39C-E7C5B36CAE9F}"
EndProject
Project("{FAE04EC0-301F-11D3-BF4B-00C04F79EFBC}") = "API", "API\API.csproj", "{56D8666D-9170-4ED2-AAD1-7D51F38CF8E8}"
EndProject
Project("{FAE04EC0-301F-11D3-BF4B-00C04F79EFBC}") = "Core", "Core\Core.csproj", "{943B551B-C662-49CB-87A0-3E89A9DE262E}"
EndProject
Global
	GlobalSection(SolutionConfigurationPlatforms) = preSolution
		Debug|Any CPU = Debug|Any CPU
		Release|Any CPU = Release|Any CPU
	EndGlobalSection
	GlobalSection(SolutionProperties) = preSolution
		HideSolutionNode = FALSE
	EndGlobalSection
	GlobalSection(ProjectConfigurationPlatforms) = postSolution
		{E47212CD-1BF1-4B03-A39C-E7C5B36CAE9F}.Debug|Any CPU.ActiveCfg = Debug|Any CPU
		{E47212CD-1BF1-4B03-A39C-E7C5B36CAE9F}.Debug|Any CPU.Build.0 = Debug|Any CPU
		{E47212CD-1BF1-4B03-A39C-E7C5B36CAE9F}.Release|Any CPU.ActiveCfg = Release|Any CPU
		{E47212CD-1BF1-4B03-A39C-E7C5B36CAE9F}.Release|Any CPU.Build.0 = Release|Any CPU
		{56D8666D-9170-4ED2-AAD1-7D51F38CF8E8}.Debug|Any CPU.ActiveCfg = Debug|Any CPU
		{56D8666D-9170-4ED2-AAD1-7D51F38CF8E8}.Debug|Any CPU.Build.0 = Debug|Any CPU
		{56D8666D-9170-4ED2-AAD1-7D51F38CF8E8}.Release|Any CPU.ActiveCfg = Release|Any CPU
		{56D8666D-9170-4ED2-AAD1-7D51F38CF8E8}.Release|Any CPU.Build.0 = Release|Any CPU
		{943B551B-C662-49CB-87A0-3E89A9DE262E}.Debug|Any CPU.ActiveCfg = Debug|Any CPU
		{943B551B-C662-49CB-87A0-3E89A9DE262E}.Debug|Any CPU.Build.0 = Debug|Any CPU
		{943B551B-C662-49CB-87A0-3E89A9DE262E}.Release|Any CPU.ActiveCfg = Release|Any CPU
		{943B551B-C662-49CB-87A0-3E89A9DE262E}.Release|Any CPU.Build.0 = Release|Any CPU
	EndGlobalSection
EndGlobal
